PODS:
  - Realm (10.1.2):
    - Realm/Headers (= 10.1.2)
  - Realm/Headers (10.1.2)
  - RealmSwift (10.1.2):
    - Realm (= 10.1.2)
  - SwiftLint (0.41.0)

DEPENDENCIES:
  - RealmSwift (~> 10.1.2)
  - SwiftLint (~> 0.41.0)

SPEC REPOS:
  trunk:
    - Realm
    - RealmSwift
    - SwiftLint

SPEC CHECKSUMS:
  Realm: 031fdd4be7094d01b43af1a5e49766ab644bb800
  RealmSwift: 43cf2e114baa9d17d34eb81e7d0def31f21cd444
  SwiftLint: c585ebd615d9520d7fbdbe151f527977b0534f1e

PODFILE CHECKSUM: 302d1f62da02fbe35bae2ddb6d9e43ec63167a6e

COCOAPODS: 1.10.0
